
Microsoft Visual Studio Solution File, Format Version 12.00
# Visual Studio Version 16
VisualStudioVersion = 16.0.31911.196
MinimumVisualStudioVersion = 10.0.40219.1
Project("{FAE04EC0-301F-11D3-BF4B-00C04F79EFBC}") = "ConsoleApp18", "ConsoleApp18\ConsoleApp18.csproj", "{B86178B6-DCC1-47BF-89BB-7F8E171AA4DF}"
EndProject
Global
	GlobalSection(SolutionConfigurationPlatforms) = preSolution
		Debug|Any CPU = Debug|Any CPU
		Release|Any CPU = Release|Any CPU
	EndGlobalSection
	GlobalSection(ProjectConfigurationPlatforms) = postSolution
		{B86178B6-DCC1-47BF-89BB-7F8E171AA4DF}.Debug|Any CPU.ActiveCfg = Debug|Any CPU
		{B86178B6-DCC1-47BF-89BB-7F8E171AA4DF}.Debug|Any CPU.Build.0 = Debug|Any CPU
		{B86178B6-DCC1-47BF-89BB-7F8E171AA4DF}.Release|Any CPU.ActiveCfg = Release|Any CPU
		{B86178B6-DCC1-47BF-89BB-7F8E171AA4DF}.Release|Any CPU.Build.0 = Release|Any CPU
	EndGlobalSection
	GlobalSection(SolutionProperties) = preSolution
		HideSolutionNode = FALSE
	EndGlobalSection
	GlobalSection(ExtensibilityGlobals) = postSolution
		SolutionGuid = {5E34FAC2-5903-4AB5-83BC-03317F9D125A}
	EndGlobalSection
EndGlobal
